
Microsoft Visual Studio Solution File, Format Version 12.00
Project("{FAE04EC0-301F-11D3-BF4B-00C04F79EFBC}") = "DeepCsharp", "DeepCsharp.csproj", "{6409E0A7-5853-4012-9AC5-CE8701A2017C}"
EndProject
Global
	GlobalSection(SolutionConfigurationPlatforms) = preSolution
		Debug|Any CPU = Debug|Any CPU
		Release|Any CPU = Release|Any CPU
	EndGlobalSection
	GlobalSection(ProjectConfigurationPlatforms) = postSolution
		{6409E0A7-5853-4012-9AC5-CE8701A2017C}.Debug|Any CPU.ActiveCfg = Debug|Any CPU
		{6409E0A7-5853-4012-9AC5-CE8701A2017C}.Debug|Any CPU.Build.0 = Debug|Any CPU
		{6409E0A7-5853-4012-9AC5-CE8701A2017C}.Release|Any CPU.ActiveCfg = Release|Any CPU
		{6409E0A7-5853-4012-9AC5-CE8701A2017C}.Release|Any CPU.Build.0 = Release|Any CPU
	EndGlobalSection
EndGlobal
